
Microsoft Visual Studio Solution File, Format Version 12.00
# Visual Studio 15
VisualStudioVersion = 15.0.28307.539
MinimumVisualStudioVersion = 10.0.40219.1
Project("{9A19103F-16F7-4668-BE54-9A1E7A4F7556}") = "jiratogithub", "jiratogithub.csproj", "{7C742912-5A53-4DC2-93B2-114D6CC2A547}"
EndProject
Global
	GlobalSection(SolutionConfigurationPlatforms) = preSolution
		Debug|Any CPU = Debug|Any CPU
		Release|Any CPU = Release|Any CPU
	EndGlobalSection
	GlobalSection(ProjectConfigurationPlatforms) = postSolution
		{7C742912-5A53-4DC2-93B2-114D6CC2A547}.Debug|Any CPU.ActiveCfg = Debug|Any CPU
		{7C742912-5A53-4DC2-93B2-114D6CC2A547}.Debug|Any CPU.Build.0 = Debug|Any CPU
		{7C742912-5A53-4DC2-93B2-114D6CC2A547}.Release|Any CPU.ActiveCfg = Release|Any CPU
		{7C742912-5A53-4DC2-93B2-114D6CC2A547}.Release|Any CPU.Build.0 = Release|Any CPU
	EndGlobalSection
	GlobalSection(SolutionProperties) = preSolution
		HideSolutionNode = FALSE
	EndGlobalSection
	GlobalSection(ExtensibilityGlobals) = postSolution
		SolutionGuid = {70D2BF51-B70E-4ECF-8E64-C86A83F73716}
	EndGlobalSection
EndGlobal
